# This is a Gradle generated file for dependency locking.
# Manual edits can break the build and are not advised.
# This file is expected to be part of source control.
ch.qos.logback:logback-classic:1.2.3
ch.qos.logback:logback-core:1.2.3
com.fasterxml.jackson.core:jackson-annotations:2.10.3
com.fasterxml.jackson.core:jackson-core:2.10.3
com.fasterxml.jackson.core:jackson-databind:2.10.3
com.github.ben-manes.caffeine:caffeine:2.8.1
com.google.code.findbugs:jsr305:3.0.2
com.google.errorprone:error_prone_annotations:2.3.4
com.google.guava:failureaccess:1.0.1
com.google.guava:guava:29.0-jre
com.google.guava:listenablefuture:9999.0-empty-to-avoid-conflict-with-guava
com.google.j2objc:j2objc-annotations:1.3
com.neovisionaries:nv-websocket-client:2.9
com.squareup.okhttp3:okhttp:3.14.7
com.squareup.okio:okio:1.17.2
com.vdurmont:emoji-java:5.1.1
io.sentry:sentry-logback:1.7.30
io.sentry:sentry:1.7.30
jakarta.annotation:jakarta.annotation-api:1.3.5
net.dv8tion:JDA:4.1.1_141
net.sf.trove4j:trove4j:3.0.3
org.apache.commons:commons-collections4:4.1
org.apache.logging.log4j:log4j-api:2.12.1
org.apache.logging.log4j:log4j-to-slf4j:2.12.1
org.checkerframework:checker-qual:3.1.0
org.flywaydb:flyway-core:6.0.8
org.jetbrains:annotations:16.0.1
org.json:json:20170516
org.slf4j:jul-to-slf4j:1.7.30
org.slf4j:slf4j-api:1.7.30
org.springframework.boot:spring-boot-autoconfigure:2.2.6.RELEASE
org.springframework.boot:spring-boot-dependencies:2.2.6.RELEASE
org.springframework.boot:spring-boot-starter-logging:2.2.6.RELEASE
org.springframework.boot:spring-boot-starter:2.2.6.RELEASE
org.springframework.boot:spring-boot:2.2.6.RELEASE
org.springframework:spring-aop:5.2.5.RELEASE
org.springframework:spring-beans:5.2.5.RELEASE
org.springframework:spring-context:5.2.5.RELEASE
org.springframework:spring-core:5.2.5.RELEASE
org.springframework:spring-expression:5.2.5.RELEASE
org.springframework:spring-jcl:5.2.5.RELEASE
org.xerial:sqlite-jdbc:3.28.0
org.yaml:snakeyaml:1.25
space.npstr:annotations:0.0.2
