# This is a Gradle generated file for dependency locking.
# Manual edits can break the build and are not advised.
# This file is expected to be part of source control.
ch.qos.logback:logback-classic:1.2.3
ch.qos.logback:logback-core:1.2.3
com.fasterxml.jackson.core:jackson-core:2.9.9
com.github.ben-manes.caffeine:caffeine:2.6.2
com.google.code.findbugs:jsr305:3.0.2
com.google.errorprone:error_prone_annotations:2.3.2
com.google.guava:failureaccess:1.0.1
com.google.guava:guava:28.1-jre
com.google.guava:listenablefuture:9999.0-empty-to-avoid-conflict-with-guava
com.google.j2objc:j2objc-annotations:1.3
com.neovisionaries:nv-websocket-client:2.5
com.squareup.okhttp3:okhttp:3.14.3
com.squareup.okio:okio:1.17.2
com.vdurmont:emoji-java:5.1.1
io.sentry:sentry-logback:1.7.27
io.sentry:sentry:1.7.27
javax.annotation:javax.annotation-api:1.3.2
net.dv8tion:JDA:3.8.3_464
org.apache.logging.log4j:log4j-api:2.11.2
org.apache.logging.log4j:log4j-to-slf4j:2.11.2
org.apiguardian:apiguardian-api:1.0.0
org.checkerframework:checker-qual:2.8.1
org.codehaus.mojo:animal-sniffer-annotations:1.18
org.flywaydb:flyway-core:5.2.4
org.jetbrains:annotations:16.0.1
org.json:json:20170516
org.junit.jupiter:junit-jupiter-api:5.3.2
org.junit.platform:junit-platform-commons:1.3.2
org.opentest4j:opentest4j:1.1.1
org.slf4j:jul-to-slf4j:1.7.28
org.slf4j:slf4j-api:1.7.28
org.springframework.boot:spring-boot-autoconfigure:2.1.8.RELEASE
org.springframework.boot:spring-boot-dependencies:2.1.8.RELEASE
org.springframework.boot:spring-boot-starter-logging:2.1.8.RELEASE
org.springframework.boot:spring-boot-starter:2.1.8.RELEASE
org.springframework.boot:spring-boot:2.1.8.RELEASE
org.springframework:spring-aop:5.1.9.RELEASE
org.springframework:spring-beans:5.1.9.RELEASE
org.springframework:spring-context:5.1.9.RELEASE
org.springframework:spring-core:5.1.9.RELEASE
org.springframework:spring-expression:5.1.9.RELEASE
org.springframework:spring-jcl:5.1.9.RELEASE
org.xerial:sqlite-jdbc:3.25.2
org.yaml:snakeyaml:1.23
space.npstr:annotations:0.0.2
